# @generated - this file is auto-generated by `mise lock` https://mise.jdx.dev/dev-tools/mise-lock.html

[[tools."aqua:fluxcd/flux2"]]
version = "2.8.6"
backend = "aqua:fluxcd/flux2"

[tools."aqua:fluxcd/flux2"."platforms.linux-arm64"]
checksum = "sha256:bc460320c2d33ad833791277896dd1aaf1cff6b3e64ba397c44238f00d4ae5bc"
url = "https://github.com/fluxcd/flux2/releases/download/v2.8.6/flux_2.8.6_linux_arm64.tar.gz"
provenance = "slsa"

[tools."aqua:fluxcd/flux2"."platforms.linux-arm64-musl"]
checksum = "sha256:bc460320c2d33ad833791277896dd1aaf1cff6b3e64ba397c44238f00d4ae5bc"
url = "https://github.com/fluxcd/flux2/releases/download/v2.8.6/flux_2.8.6_linux_arm64.tar.gz"
provenance = "slsa"

[tools."aqua:fluxcd/flux2"."platforms.linux-x64"]
checksum = "sha256:c53cc990ae266f7840f64c81515d701d8821d558a9062aa4211d71b38cf044be"
url = "https://github.com/fluxcd/flux2/releases/download/v2.8.6/flux_2.8.6_linux_amd64.tar.gz"
provenance = "slsa"

[tools."aqua:fluxcd/flux2"."platforms.linux-x64-musl"]
checksum = "sha256:c53cc990ae266f7840f64c81515d701d8821d558a9062aa4211d71b38cf044be"
url = "https://github.com/fluxcd/flux2/releases/download/v2.8.6/flux_2.8.6_linux_amd64.tar.gz"
provenance = "slsa"

[tools."aqua:fluxcd/flux2"."platforms.macos-arm64"]
checksum = "sha256:20de67ebf2da689dd165b004dc073469f33aa2a3eac45a69f38a40435e14d20b"
url = "https://github.com/fluxcd/flux2/releases/download/v2.8.6/flux_2.8.6_darwin_arm64.tar.gz"

[tools."aqua:fluxcd/flux2"."platforms.macos-arm64".provenance.slsa]
url = "https://github.com/fluxcd/flux2/releases/download/v2.8.6/provenance.intoto.jsonl"

[tools."aqua:fluxcd/flux2"."platforms.macos-x64"]
checksum = "sha256:83ce032f39248ed04324f3e50344794575fb5f7149f24c071972e320b64826a6"
url = "https://github.com/fluxcd/flux2/releases/download/v2.8.6/flux_2.8.6_darwin_amd64.tar.gz"
provenance = "slsa"

[tools."aqua:fluxcd/flux2"."platforms.windows-x64"]
checksum = "sha256:05fe1b414bb40555d72e8149aca7046eba4ceacea7825d011c1188cc74c62e9c"
url = "https://github.com/fluxcd/flux2/releases/download/v2.8.6/flux_2.8.6_windows_amd64.zip"
provenance = "slsa"

[[tools.doctl]]
version = "1.154.0"
backend = "aqua:digitalocean/doctl"

[tools.doctl."platforms.linux-arm64"]
checksum = "sha256:95358bcb327f8e3957ff972e2bd3b8eb0b4aae165b285112a7efbf909a9b4165"
url = "https://github.com/digitalocean/doctl/releases/download/v1.154.0/doctl-1.154.0-linux-arm64.tar.gz"

[tools.doctl."platforms.linux-arm64-musl"]
checksum = "sha256:95358bcb327f8e3957ff972e2bd3b8eb0b4aae165b285112a7efbf909a9b4165"
url = "https://github.com/digitalocean/doctl/releases/download/v1.154.0/doctl-1.154.0-linux-arm64.tar.gz"

[tools.doctl."platforms.linux-x64"]
checksum = "sha256:c9f6bd24c28566ecb9e60d8b2f49d19a8c4859183f50469e6ed8ae49b25207d4"
url = "https://github.com/digitalocean/doctl/releases/download/v1.154.0/doctl-1.154.0-linux-amd64.tar.gz"

[tools.doctl."platforms.linux-x64-musl"]
checksum = "sha256:c9f6bd24c28566ecb9e60d8b2f49d19a8c4859183f50469e6ed8ae49b25207d4"
url = "https://github.com/digitalocean/doctl/releases/download/v1.154.0/doctl-1.154.0-linux-amd64.tar.gz"

[tools.doctl."platforms.macos-arm64"]
checksum = "sha256:927d9178b77df4e6bb69d741a5ad376e1417fabdd5c08587f32280c269a3ffb1"
url = "https://github.com/digitalocean/doctl/releases/download/v1.154.0/doctl-1.154.0-darwin-arm64.tar.gz"

[tools.doctl."platforms.macos-x64"]
checksum = "sha256:a37170bdc6f8a177de4dd2a71d02d3230460ed8034bd7e2d480aa25b5d7a1ef0"
url = "https://github.com/digitalocean/doctl/releases/download/v1.154.0/doctl-1.154.0-darwin-amd64.tar.gz"

[tools.doctl."platforms.windows-x64"]
checksum = "sha256:75974a87c636dcd425aba1c83120c030b93f485d08e2a0c8616a280d8e707601"
url = "https://github.com/digitalocean/doctl/releases/download/v1.154.0/doctl-1.154.0-windows-amd64.zip"

[[tools.gh]]
version = "2.88.1"
backend = "aqua:cli/cli"

[tools.gh."platforms.linux-arm64"]
checksum = "sha256:039ce25aab0cfa0ea5160e3db75ed44699bde4b20ff63ec5991f82201f1b33b8"
url = "https://github.com/cli/cli/releases/download/v2.88.1/gh_2.88.1_linux_arm64.tar.gz"
provenance = "github-attestations"

[tools.gh."platforms.linux-arm64-musl"]
checksum = "sha256:039ce25aab0cfa0ea5160e3db75ed44699bde4b20ff63ec5991f82201f1b33b8"
url = "https://github.com/cli/cli/releases/download/v2.88.1/gh_2.88.1_linux_arm64.tar.gz"
provenance = "github-attestations"

[tools.gh."platforms.linux-x64"]
checksum = "sha256:36352a993b97e9758793cdb87f9ba674bd6d88c914488e122be78a1962203803"
url = "https://github.com/cli/cli/releases/download/v2.88.1/gh_2.88.1_linux_amd64.tar.gz"
provenance = "github-attestations"

[tools.gh."platforms.linux-x64-musl"]
checksum = "sha256:36352a993b97e9758793cdb87f9ba674bd6d88c914488e122be78a1962203803"
url = "https://github.com/cli/cli/releases/download/v2.88.1/gh_2.88.1_linux_amd64.tar.gz"
provenance = "github-attestations"

[tools.gh."platforms.macos-arm64"]
checksum = "sha256:bdbeed4821d450ef0d14821d856c05b308ab449fbf60527f298d96fbf5d2447b"
url = "https://github.com/cli/cli/releases/download/v2.88.1/gh_2.88.1_macOS_arm64.zip"
provenance = "github-attestations"

[tools.gh."platforms.macos-x64"]
checksum = "sha256:ff0fc4bdb9699f0c02e5bcdcbd09d0f8e4c4659aa5d30bcd39a3557ed7379b2e"
url = "https://github.com/cli/cli/releases/download/v2.88.1/gh_2.88.1_macOS_amd64.zip"
provenance = "github-attestations"

[tools.gh."platforms.windows-x64"]
checksum = "sha256:8fdaac525d8919f9f8c265f99ffa26189e5f1fd3a35636adad4fd890a141a555"
url = "https://github.com/cli/cli/releases/download/v2.88.1/gh_2.88.1_windows_amd64.zip"
provenance = "github-attestations"

[[tools.kubectl]]
version = "1.35.3"
backend = "aqua:kubernetes/kubernetes/kubectl"

[tools.kubectl."platforms.linux-arm64"]
checksum = "sha256:6f0cd088a82dde5d5807122056069e2fac4ed447cc518efc055547ae46525f14"
url = "https://dl.k8s.io/v1.35.3/bin/linux/arm64/kubectl"

[tools.kubectl."platforms.linux-arm64-musl"]
checksum = "sha256:6f0cd088a82dde5d5807122056069e2fac4ed447cc518efc055547ae46525f14"
url = "https://dl.k8s.io/v1.35.3/bin/linux/arm64/kubectl"

[tools.kubectl."platforms.linux-x64"]
checksum = "sha256:fd31c7d7129260e608f6faf92d5984c3267ad0b5ead3bced2fe125686e286ad6"
url = "https://dl.k8s.io/v1.35.3/bin/linux/amd64/kubectl"

[tools.kubectl."platforms.linux-x64-musl"]
checksum = "sha256:fd31c7d7129260e608f6faf92d5984c3267ad0b5ead3bced2fe125686e286ad6"
url = "https://dl.k8s.io/v1.35.3/bin/linux/amd64/kubectl"

[tools.kubectl."platforms.macos-arm64"]
checksum = "sha256:280651239d84bab214ba83403666bf6976a5fa0dbdb41404f26eb6f276d34963"
url = "https://dl.k8s.io/v1.35.3/bin/darwin/arm64/kubectl"

[tools.kubectl."platforms.macos-x64"]
checksum = "sha256:2f339b1eae2e1792ec08da281b37afbeee94f70bed6b7398e7efd81ba08f8d37"
url = "https://dl.k8s.io/v1.35.3/bin/darwin/amd64/kubectl"

[tools.kubectl."platforms.windows-x64"]
checksum = "sha256:6c367f9c34be9a13a94eb523dd62006973e1d051adea7d6bcf800dde3f6e84df"
url = "https://dl.k8s.io/v1.35.3/bin/windows/amd64/kubectl.exe"

[[tools.opentofu]]
version = "1.9.4"
backend = "aqua:opentofu/opentofu"

[tools.opentofu."platforms.linux-arm64"]
checksum = "sha256:e57ba310465069419625c21ef4a7d3fce32c7a02cde64dc5eab51adf56003d24"
url = "https://github.com/opentofu/opentofu/releases/download/v1.9.4/tofu_1.9.4_linux_arm64.tar.gz"

[tools.opentofu."platforms.linux-arm64-musl"]
checksum = "sha256:e57ba310465069419625c21ef4a7d3fce32c7a02cde64dc5eab51adf56003d24"
url = "https://github.com/opentofu/opentofu/releases/download/v1.9.4/tofu_1.9.4_linux_arm64.tar.gz"

[tools.opentofu."platforms.linux-x64"]
checksum = "sha256:c6e29b0162851044bd1159993378ecd343b562dfe84b5fd3bf8fc123c7b41bc2"
url = "https://github.com/opentofu/opentofu/releases/download/v1.9.4/tofu_1.9.4_linux_amd64.tar.gz"

[tools.opentofu."platforms.linux-x64-musl"]
checksum = "sha256:c6e29b0162851044bd1159993378ecd343b562dfe84b5fd3bf8fc123c7b41bc2"
url = "https://github.com/opentofu/opentofu/releases/download/v1.9.4/tofu_1.9.4_linux_amd64.tar.gz"

[tools.opentofu."platforms.macos-arm64"]
checksum = "sha256:b9415df6d1d1f6b17859e8684578c7839a7a007718ee5144997e21d96ec38b5a"
url = "https://github.com/opentofu/opentofu/releases/download/v1.9.4/tofu_1.9.4_darwin_arm64.tar.gz"

[tools.opentofu."platforms.macos-x64"]
checksum = "sha256:c97d1a4c733956823d8c0bf7dee4f3eeaf1ede6e76e4c634315cd44459f98b2c"
url = "https://github.com/opentofu/opentofu/releases/download/v1.9.4/tofu_1.9.4_darwin_amd64.tar.gz"

[tools.opentofu."platforms.windows-x64"]
checksum = "sha256:601dfef3c6376c7b91b0efc26a5e993ab64d2bca7dbbcd590fe2e56d4198caca"
url = "https://github.com/opentofu/opentofu/releases/download/v1.9.4/tofu_1.9.4_windows_amd64.tar.gz"

[[tools.python]]
version = "3.12.13"
backend = "core:python"

[tools.python."platforms.linux-arm64"]
checksum = "sha256:953dcf67ff395d5baff77ef60bc852aaadad4c169e9b8d65dbc40ab9461a13e3"
url = "https://github.com/astral-sh/python-build-standalone/releases/download/20260414/cpython-3.12.13+20260414-aarch64-unknown-linux-gnu-install_only_stripped.tar.gz"
provenance = "github-attestations"

[tools.python."platforms.linux-arm64-musl"]
checksum = "sha256:953dcf67ff395d5baff77ef60bc852aaadad4c169e9b8d65dbc40ab9461a13e3"
url = "https://github.com/astral-sh/python-build-standalone/releases/download/20260414/cpython-3.12.13+20260414-aarch64-unknown-linux-gnu-install_only_stripped.tar.gz"
provenance = "github-attestations"

[tools.python."platforms.linux-x64"]
checksum = "sha256:3c3427e5628648478da2aa227472c350475a68bc58109f1b43849636a4aecb89"
url = "https://github.com/astral-sh/python-build-standalone/releases/download/20260414/cpython-3.12.13+20260414-x86_64-unknown-linux-gnu-install_only_stripped.tar.gz"
provenance = "github-attestations"

[tools.python."platforms.linux-x64-musl"]
checksum = "sha256:3c3427e5628648478da2aa227472c350475a68bc58109f1b43849636a4aecb89"
url = "https://github.com/astral-sh/python-build-standalone/releases/download/20260414/cpython-3.12.13+20260414-x86_64-unknown-linux-gnu-install_only_stripped.tar.gz"
provenance = "github-attestations"

[tools.python."platforms.macos-arm64"]
checksum = "sha256:38f71c324ae14ee5ef844c62e06b6faa5ba3040c898b4c1d03b8b6e88794356b"
url = "https://github.com/astral-sh/python-build-standalone/releases/download/20260414/cpython-3.12.13+20260414-aarch64-apple-darwin-install_only_stripped.tar.gz"
provenance = "github-attestations"

[tools.python."platforms.macos-x64"]
checksum = "sha256:bf9e2eb4834272cae196e4a8473d48f15878114cedbc278fe53cd85ab28dc0ed"
url = "https://github.com/astral-sh/python-build-standalone/releases/download/20260414/cpython-3.12.13+20260414-x86_64-apple-darwin-install_only_stripped.tar.gz"
provenance = "github-attestations"

[tools.python."platforms.windows-x64"]
checksum = "sha256:d785d2e901a8194dcdb8c23c2b37a46ed84fdc04e87398dc5b832644330de71e"
url = "https://github.com/astral-sh/python-build-standalone/releases/download/20260414/cpython-3.12.13+20260414-x86_64-pc-windows-msvc-install_only_stripped.tar.gz"
provenance = "github-attestations"

[[tools.terragrunt]]
version = "0.77.7"
backend = "aqua:gruntwork-io/terragrunt"

[[tools.uv]]
version = "0.10.11"
backend = "aqua:astral-sh/uv"

[tools.uv."platforms.linux-arm64"]
checksum = "sha256:5d80a7f6343d2676dfde1e5126582070a2bbc62df6f60d5527a169be3788532a"
url = "https://github.com/astral-sh/uv/releases/download/0.10.11/uv-aarch64-unknown-linux-musl.tar.gz"
provenance = "github-attestations"

[tools.uv."platforms.linux-arm64-musl"]
checksum = "sha256:5d80a7f6343d2676dfde1e5126582070a2bbc62df6f60d5527a169be3788532a"
url = "https://github.com/astral-sh/uv/releases/download/0.10.11/uv-aarch64-unknown-linux-musl.tar.gz"
provenance = "github-attestations"

[tools.uv."platforms.linux-x64"]
checksum = "sha256:d78246139dc6cf3ed6d03c84da762686bced7ad1de67977ee372a45b95a1f6d0"
url = "https://github.com/astral-sh/uv/releases/download/0.10.11/uv-x86_64-unknown-linux-musl.tar.gz"
provenance = "github-attestations"

[tools.uv."platforms.linux-x64-musl"]
checksum = "sha256:d78246139dc6cf3ed6d03c84da762686bced7ad1de67977ee372a45b95a1f6d0"
url = "https://github.com/astral-sh/uv/releases/download/0.10.11/uv-x86_64-unknown-linux-musl.tar.gz"
provenance = "github-attestations"

[tools.uv."platforms.macos-arm64"]
checksum = "sha256:437a7d498dd6564d5bf986074249ba1fc600e73da55ae04d7bd4c24d5f149b95"
url = "https://github.com/astral-sh/uv/releases/download/0.10.11/uv-aarch64-apple-darwin.tar.gz"
provenance = "github-attestations"

[tools.uv."platforms.macos-x64"]
checksum = "sha256:ff90020b554cf02ef8008535c9aab6ef27bb7be6b075359300dec79c361df897"
url = "https://github.com/astral-sh/uv/releases/download/0.10.11/uv-x86_64-apple-darwin.tar.gz"
provenance = "github-attestations"

[tools.uv."platforms.windows-x64"]
checksum = "sha256:9ee74df98582f37fdd6069e1caac80d2616f9a489f5dbb2b1c152f30be69c58e"
url = "https://github.com/astral-sh/uv/releases/download/0.10.11/uv-x86_64-pc-windows-msvc.zip"
provenance = "github-attestations"
